// !$*UTF8*$!
{
	archiveVersion = 1;
	classes = {
	};
	objectVersion = 56;
	objects = {

/* Begin PBXBuildFile section */
		DC841E332BCBB2F400497584 /* CollegeMateApp.swift in Sources */ = {isa = PBXBuildFile; fileRef = DC841E322BCBB2F400497584 /* CollegeMateApp.swift */; };
		DC841E352BCBB2F400497584 /* ContentView.swift in Sources */ = {isa = PBXBuildFile; fileRef = DC841E342BCBB2F400497584 /* ContentView.swift */; };
		DC841E372BCBB2F600497584 /* Assets.xcassets in Resources */ = {isa = PBXBuildFile; fileRef = DC841E362BCBB2F600497584 /* Assets.xcassets */; };
		DC841E3A2BCBB2F600497584 /* Preview Assets.xcassets in Resources */ = {isa = PBXBuildFile; fileRef = DC841E392BCBB2F600497584 /* Preview Assets.xcassets */; };
		DC841E442BCBB2F700497584 /* CollegeMateTests.swift in Sources */ = {isa = PBXBuildFile; fileRef = DC841E432BCBB2F700497584 /* CollegeMateTests.swift */; };
		DC841E4E2BCBB2F700497584 /* CollegeMateUITests.swift in Sources */ = {isa = PBXBuildFile; fileRef = DC841E4D2BCBB2F700497584 /* CollegeMateUITests.swift */; };
		DC841E502BCBB2F700497584 /* CollegeMateUITestsLaunchTests.swift in Sources */ = {isa = PBXBuildFile; fileRef = DC841E4F2BCBB2F700497584 /* CollegeMateUITestsLaunchTests.swift */; };
		DC841E5E2BCBB7B000497584 /* FirebaseAuth in Frameworks */ = {isa = PBXBuildFile; productRef = DC841E5D2BCBB7B000497584 /* FirebaseAuth */; };
		DC841E602BCBB7B000497584 /* FirebaseFirestore in Frameworks */ = {isa = PBXBuildFile; productRef = DC841E5F2BCBB7B000497584 /* FirebaseFirestore */; };
		DC841E622BCBBB5F00497584 /* GoogleService-Info.plist in Resources */ = {isa = PBXBuildFile; fileRef = DC841E612BCBBB5F00497584 /* GoogleService-Info.plist */; };
/* End PBXBuildFile section */

/* Begin PBXContainerItemProxy section */
		DC841E402BCBB2F700497584 /* PBXContainerItemProxy */ = {
			isa = PBXContainerItemProxy;
			containerPortal = DC841E272BCBB2F400497584 /* Project object */;
			proxyType = 1;
			remoteGlobalIDString = DC841E2E2BCBB2F400497584;
			remoteInfo = CollegeMate;
		};
		DC841E4A2BCBB2F700497584 /* PBXContainerItemProxy */ = {
			isa = PBXContainerItemProxy;
			containerPortal = DC841E272BCBB2F400497584 /* Project object */;
			proxyType = 1;
			remoteGlobalIDString = DC841E2E2BCBB2F400497584;
			remoteInfo = CollegeMate;
		};
/* End PBXContainerItemProxy section */

/* Begin PBXFileReference section */
		DC841E2F2BCBB2F400497584 /* CollegeMate.app */ = {isa = PBXFileReference; explicitFileType = wrapper.application; includeInIndex = 0; path = CollegeMate.app; sourceTree = BUILT_PRODUCTS_DIR; };
		DC841E322BCBB2F400497584 /* CollegeMateApp.swift */ = {isa = PBXFileReference; lastKnownFileType = sourcecode.swift; path = CollegeMateApp.swift; sourceTree = "<group>"; };
		DC841E342BCBB2F400497584 /* ContentView.swift */ = {isa = PBXFileReference; lastKnownFileType = sourcecode.swift; path = ContentView.swift; sourceTree = "<group>"; };
		DC841E362BCBB2F600497584 /* Assets.xcassets */ = {isa = PBXFileReference; lastKnownFileType = folder.assetcatalog; path = Assets.xcassets; sourceTree = "<group>"; };
		DC841E392BCBB2F600497584 /* Preview Assets.xcassets */ = {isa = PBXFileReference; lastKnownFileType = folder.assetcatalog; path = "Preview Assets.xcassets"; sourceTree = "<group>"; };
		DC841E3F2BCBB2F700497584 /* CollegeMateTests.xctest */ = {isa = PBXFileReference; explicitFileType = wrapper.cfbundle; includeInIndex = 0; path = CollegeMateTests.xctest; sourceTree = BUILT_PRODUCTS_DIR; };
		DC841E432BCBB2F700497584 /* CollegeMateTests.swift */ = {isa = PBXFileReference; lastKnownFileType = sourcecode.swift; path = CollegeMateTests.swift; sourceTree = "<group>"; };
		DC841E492BCBB2F700497584 /* CollegeMateUITests.xctest */ = {isa = PBXFileReference; explicitFileType = wrapper.cfbundle; includeInIndex = 0; path = CollegeMateUITests.xctest; sourceTree = BUILT_PRODUCTS_DIR; };
		DC841E4D2BCBB2F700497584 /* CollegeMateUITests.swift */ = {isa = PBXFileReference; lastKnownFileType = sourcecode.swift; path = CollegeMateUITests.swift; sourceTree = "<group>"; };
		DC841E4F2BCBB2F700497584 /* CollegeMateUITestsLaunchTests.swift */ = {isa = PBXFileReference; lastKnownFileType = sourcecode.swift; path = CollegeMateUITestsLaunchTests.swift; sourceTree = "<group>"; };
		DC841E612BCBBB5F00497584 /* GoogleService-Info.plist */ = {isa = PBXFileReference; fileEncoding = 4; lastKnownFileType = text.plist.xml; name = "GoogleService-Info.plist"; path = "../../../../Downloads/GoogleService-Info.plist"; sourceTree = "<group>"; };
/* End PBXFileReference section */

/* Begin PBXFrameworksBuildPhase section */
		DC841E2C2BCBB2F400497584 /* Frameworks */ = {
			isa = PBXFrameworksBuildPhase;
			buildActionMask = 2147483647;
			files = (
				DC841E5E2BCBB7B000497584 /* FirebaseAuth in Frameworks */,
				DC841E602BCBB7B000497584 /* FirebaseFirestore in Frameworks */,
			);
			runOnlyForDeploymentPostprocessing = 0;
		};
		DC841E3C2BCBB2F700497584 /* Frameworks */ = {
			isa = PBXFrameworksBuildPhase;
			buildActionMask = 2147483647;
			files = (
			);
			runOnlyForDeploymentPostprocessing = 0;
		};
		DC841E462BCBB2F700497584 /* Frameworks */ = {
			isa = PBXFrameworksBuildPhase;
			buildActionMask = 2147483647;
			files = (
			);
			runOnlyForDeploymentPostprocessing = 0;
		};
/* End PBXFrameworksBuildPhase section */

/* Begin PBXGroup section */
		DC841E262BCBB2F400497584 = {
			isa = PBXGroup;
			children = (
				DC841E312BCBB2F400497584 /* CollegeMate */,
				DC841E422BCBB2F700497584 /* CollegeMateTests */,
				DC841E4C2BCBB2F700497584 /* CollegeMateUITests */,
				DC841E302BCBB2F400497584 /* Products */,
			);
			sourceTree = "<group>";
		};
		DC841E302BCBB2F400497584 /* Products */ = {
			isa = PBXGroup;
			children = (
				DC841E2F2BCBB2F400497584 /* CollegeMate.app */,
				DC841E3F2BCBB2F700497584 /* CollegeMateTests.xctest */,
				DC841E492BCBB2F700497584 /* CollegeMateUITests.xctest */,
			);
			name = Products;
			sourceTree = "<group>";
		};
		DC841E312BCBB2F400497584 /* CollegeMate */ = {
			isa = PBXGroup;
			children = (
				DC841E612BCBBB5F00497584 /* GoogleService-Info.plist */,
				DC841E322BCBB2F400497584 /* CollegeMateApp.swift */,
				DC841E342BCBB2F400497584 /* ContentView.swift */,
				DC841E362BCBB2F600497584 /* Assets.xcassets */,
				DC841E382BCBB2F600497584 /* Preview Content */,
			);
			path = CollegeMate;
			sourceTree = "<group>";
		};
		DC841E382BCBB2F600497584 /* Preview Content */ = {
			isa = PBXGroup;
			children = (
				DC841E392BCBB2F600497584 /* Preview Assets.xcassets */,
			);
			path = "Preview Content";
			sourceTree = "<group>";
		};
		DC841E422BCBB2F700497584 /* CollegeMateTests */ = {
			isa = PBXGroup;
			children = (
				DC841E432BCBB2F700497584 /* CollegeMateTests.swift */,
			);
			path = CollegeMateTests;
			sourceTree = "<group>";
		};
		DC841E4C2BCBB2F700497584 /* CollegeMateUITests */ = {
			isa = PBXGroup;
			children = (
				DC841E4D2BCBB2F700497584 /* CollegeMateUITests.swift */,
				DC841E4F2BCBB2F700497584 /* CollegeMateUITestsLaunchTests.swift */,
			);
			path = CollegeMateUITests;
			sourceTree = "<group>";
		};
/* End PBXGroup section */

/* Begin PBXNativeTarget section */
		DC841E2E2BCBB2F400497584 /* CollegeMate */ = {
			isa = PBXNativeTarget;
			buildConfigurationList = DC841E532BCBB2F700497584 /* Build configuration list for PBXNativeTarget "CollegeMate" */;
			buildPhases = (
				DC841E2B2BCBB2F400497584 /* Sources */,
				DC841E2C2BCBB2F400497584 /* Frameworks */,
				DC841E2D2BCBB2F400497584 /* Resources */,
			);
			buildRules = (
			);
			dependencies = (
			);
			name = CollegeMate;
			packageProductDependencies = (
				DC841E5D2BCBB7B000497584 /* FirebaseAuth */,
				DC841E5F2BCBB7B000497584 /* FirebaseFirestore */,
			);
			productName = CollegeMate;
			productReference = DC841E2F2BCBB2F400497584 /* CollegeMate.app */;
			productType = "com.apple.product-type.application";
		};
		DC841E3E2BCBB2F700497584 /* CollegeMateTests */ = {
			isa = PBXNativeTarget;
			buildConfigurationList = DC841E562BCBB2F700497584 /* Build configuration list for PBXNativeTarget "CollegeMateTests" */;
			buildPhases = (
				DC841E3B2BCBB2F700497584 /* Sources */,
				DC841E3C2BCBB2F700497584 /* Frameworks */,
				DC841E3D2BCBB2F700497584 /* Resources */,
			);
			buildRules = (
			);
			dependencies = (
				DC841E412BCBB2F700497584 /* PBXTargetDependency */,
			);
			name = CollegeMateTests;
			productName = CollegeMateTests;
			productReference = DC841E3F2BCBB2F700497584 /* CollegeMateTests.xctest */;
			productType = "com.apple.product-type.bundle.unit-test";
		};
		DC841E482BCBB2F700497584 /* CollegeMateUITests */ = {
			isa = PBXNativeTarget;
			buildConfigurationList = DC841E592BCBB2F700497584 /* Build configuration list for PBXNativeTarget "CollegeMateUITests" */;
			buildPhases = (
				DC841E452BCBB2F700497584 /* Sources */,
				DC841E462BCBB2F700497584 /* Frameworks */,
				DC841E472BCBB2F700497584 /* Resources */,
			);
			buildRules = (
			);
			dependencies = (
				DC841E4B2BCBB2F700497584 /* PBXTargetDependency */,
			);
			name = CollegeMateUITests;
			productName = CollegeMateUITests;
			productReference = DC841E492BCBB2F700497584 /* CollegeMateUITests.xctest */;
			productType = "com.apple.product-type.bundle.ui-testing";
		};
/* End PBXNativeTarget section */

/* Begin PBXProject section */
		DC841E272BCBB2F400497584 /* Project object */ = {
			isa = PBXProject;
			attributes = {
				BuildIndependentTargetsInParallel = 1;
				LastSwiftUpdateCheck = 1530;
				LastUpgradeCheck = 1530;
				TargetAttributes = {
					DC841E2E2BCBB2F400497584 = {
						CreatedOnToolsVersion = 15.3;
					};
					DC841E3E2BCBB2F700497584 = {
						CreatedOnToolsVersion = 15.3;
						TestTargetID = DC841E2E2BCBB2F400497584;
					};
					DC841E482BCBB2F700497584 = {
						CreatedOnToolsVersion = 15.3;
						TestTargetID = DC841E2E2BCBB2F400497584;
					};
				};
			};
			buildConfigurationList = DC841E2A2BCBB2F400497584 /* Build configuration list for PBXProject "CollegeMate" */;
			compatibilityVersion = "Xcode 14.0";
			developmentRegion = en;
			hasScannedForEncodings = 0;
			knownRegions = (
				en,
				Base,
			);
			mainGroup = DC841E262BCBB2F400497584;
			packageReferences = (
				DC841E5C2BCBB7B000497584 /* XCRemoteSwiftPackageReference "firebase-ios-sdk" */,
			);
			productRefGroup = DC841E302BCBB2F400497584 /* Products */;
			projectDirPath = "";
			projectRoot = "";
			targets = (
				DC841E2E2BCBB2F400497584 /* CollegeMate */,
				DC841E3E2BCBB2F700497584 /* CollegeMateTests */,
				DC841E482BCBB2F700497584 /* CollegeMateUITests */,
			);
		};
/* End PBXProject section */

/* Begin PBXResourcesBuildPhase section */
		DC841E2D2BCBB2F400497584 /* Resources */ = {
			isa = PBXResourcesBuildPhase;
			buildActionMask = 2147483647;
			files = (
				DC841E3A2BCBB2F600497584 /* Preview Assets.xcassets in Resources */,
				DC841E372BCBB2F600497584 /* Assets.xcassets in Resources */,
				DC841E622BCBBB5F00497584 /* GoogleService-Info.plist in Resources */,
			);
			runOnlyForDeploymentPostprocessing = 0;
		};
		DC841E3D2BCBB2F700497584 /* Resources */ = {
			isa = PBXResourcesBuildPhase;
			buildActionMask = 2147483647;
			files = (
			);
			runOnlyForDeploymentPostprocessing = 0;
		};
		DC841E472BCBB2F700497584 /* Resources */ = {
			isa = PBXResourcesBuildPhase;
			buildActionMask = 2147483647;
			files = (
			);
			runOnlyForDeploymentPostprocessing = 0;
		};
/* End PBXResourcesBuildPhase section */

/* Begin PBXSourcesBuildPhase section */
		DC841E2B2BCBB2F400497584 /* Sources */ = {
			isa = PBXSourcesBuildPhase;
			buildActionMask = 2147483647;
			files = (
				DC841E352BCBB2F400497584 /* ContentView.swift in Sources */,
				DC841E332BCBB2F400497584 /* CollegeMateApp.swift in Sources */,
			);
			runOnlyForDeploymentPostprocessing = 0;
		};
		DC841E3B2BCBB2F700497584 /* Sources */ = {
			isa = PBXSourcesBuildPhase;
			buildActionMask = 2147483647;
			files = (
				DC841E442BCBB2F700497584 /* CollegeMateTests.swift in Sources */,
			);
			runOnlyForDeploymentPostprocessing = 0;
		};
		DC841E452BCBB2F700497584 /* Sources */ = {
			isa = PBXSourcesBuildPhase;
			buildActionMask = 2147483647;
			files = (
				DC841E4E2BCBB2F700497584 /* CollegeMateUITests.swift in Sources */,
				DC841E502BCBB2F700497584 /* CollegeMateUITestsLaunchTests.swift in Sources */,
			);
			runOnlyForDeploymentPostprocessing = 0;
		};
/* End PBXSourcesBuildPhase section */

/* Begin PBXTargetDependency section */
		DC841E412BCBB2F700497584 /* PBXTargetDependency */ = {
			isa = PBXTargetDependency;
			target = DC841E2E2BCBB2F400497584 /* CollegeMate */;
			targetProxy = DC841E402BCBB2F700497584 /* PBXContainerItemProxy */;
		};
		DC841E4B2BCBB2F700497584 /* PBXTargetDependency */ = {
			isa = PBXTargetDependency;
			target = DC841E2E2BCBB2F400497584 /* CollegeMate */;
			targetProxy = DC841E4A2BCBB2F700497584 /* PBXContainerItemProxy */;
		};
/* End PBXTargetDependency section */

/* Begin XCBuildConfiguration section */
		DC841E512BCBB2F700497584 /* Debug */ = {
			isa = XCBuildConfiguration;
			buildSettings = {
				ALWAYS_SEARCH_USER_PATHS = NO;
				ASSETCATALOG_COMPILER_GENERATE_SWIFT_ASSET_SYMBOL_EXTENSIONS = YES;
				CLANG_ANALYZER_NONNULL = YES;
				CLANG_ANALYZER_NUMBER_OBJECT_CONVERSION = YES_AGGRESSIVE;
				CLANG_CXX_LANGUAGE_STANDARD = "gnu++20";
				CLANG_ENABLE_MODULES = YES;
				CLANG_ENABLE_OBJC_ARC = YES;
				CLANG_ENABLE_OBJC_WEAK = YES;
				CLANG_WARN_BLOCK_CAPTURE_AUTORELEASING = YES;
				CLANG_WARN_BOOL_CONVERSION = YES;
				CLANG_WARN_COMMA = YES;
				CLANG_WARN_CONSTANT_CONVERSION = YES;
				CLANG_WARN_DEPRECATED_OBJC_IMPLEMENTATIONS = YES;
				CLANG_WARN_DIRECT_OBJC_ISA_USAGE = YES_ERROR;
				CLANG_WARN_DOCUMENTATION_COMMENTS = YES;
				CLANG_WARN_EMPTY_BODY = YES;
				CLANG_WARN_ENUM_CONVERSION = YES;
				CLANG_WARN_INFINITE_RECURSION = YES;
				CLANG_WARN_INT_CONVERSION = YES;
				CLANG_WARN_NON_LITERAL_NULL_CONVERSION = YES;
				CLANG_WARN_OBJC_IMPLICIT_RETAIN_SELF = YES;
				CLANG_WARN_OBJC_LITERAL_CONVERSION = YES;
				CLANG_WARN_OBJC_ROOT_CLASS = YES_ERROR;
				CLANG_WARN_QUOTED_INCLUDE_IN_FRAMEWORK_HEADER = YES;
				CLANG_WARN_RANGE_LOOP_ANALYSIS = YES;
				CLANG_WARN_STRICT_PROTOTYPES = YES;
				CLANG_WARN_SUSPICIOUS_MOVE = YES;
				CLANG_WARN_UNGUARDED_AVAILABILITY = YES_AGGRESSIVE;
				CLANG_WARN_UNREACHABLE_CODE = YES;
				CLANG_WARN__DUPLICATE_METHOD_MATCH = YES;
				COPY_PHASE_STRIP = NO;
				DEBUG_INFORMATION_FORMAT = dwarf;
				ENABLE_STRICT_OBJC_MSGSEND = YES;
				ENABLE_TESTABILITY = YES;
				ENABLE_USER_SCRIPT_SANDBOXING = YES;
				GCC_C_LANGUAGE_STANDARD = gnu17;
				GCC_DYNAMIC_NO_PIC = NO;
				GCC_NO_COMMON_BLOCKS = YES;
				GCC_OPTIMIZATION_LEVEL = 0;
				GCC_PREPROCESSOR_DEFINITIONS = (
					"DEBUG=1",
					"$(inherited)",
				);
				GCC_WARN_64_TO_32_BIT_CONVERSION = YES;
				GCC_WARN_ABOUT_RETURN_TYPE = YES_ERROR;
				GCC_WARN_UNDECLARED_SELECTOR = YES;
				GCC_WARN_UNINITIALIZED_AUTOS = YES_AGGRESSIVE;
				GCC_WARN_UNUSED_FUNCTION = YES;
				GCC_WARN_UNUSED_VARIABLE = YES;
				IPHONEOS_DEPLOYMENT_TARGET = 17.4;
				LOCALIZATION_PREFERS_STRING_CATALOGS = YES;
				MTL_ENABLE_DEBUG_INFO = INCLUDE_SOURCE;
				MTL_FAST_MATH = YES;
				ONLY_ACTIVE_ARCH = YES;
				SDKROOT = iphoneos;
				SWIFT_ACTIVE_COMPILATION_CONDITIONS = "DEBUG $(inherited)";
				SWIFT_OPTIMIZATION_LEVEL = "-Onone";
			};
			name = Debug;
		};
		DC841E522BCBB2F700497584 /* Release */ = {
			isa = XCBuildConfiguration;
			buildSettings = {
				ALWAYS_SEARCH_USER_PATHS = NO;
				ASSETCATALOG_COMPILER_GENERATE_SWIFT_ASSET_SYMBOL_EXTENSIONS = YES;
				CLANG_ANALYZER_NONNULL = YES;
				CLANG_ANALYZER_NUMBER_OBJECT_CONVERSION = YES_AGGRESSIVE;
				CLANG_CXX_LANGUAGE_STANDARD = "gnu++20";
				CLANG_ENABLE_MODULES = YES;
				CLANG_ENABLE_OBJC_ARC = YES;
				CLANG_ENABLE_OBJC_WEAK = YES;
				CLANG_WARN_BLOCK_CAPTURE_AUTORELEASING = YES;
				CLANG_WARN_BOOL_CONVERSION = YES;
				CLANG_WARN_COMMA = YES;
				CLANG_WARN_CONSTANT_CONVERSION = YES;
				CLANG_WARN_DEPRECATED_OBJC_IMPLEMENTATIONS = YES;
				CLANG_WARN_DIRECT_OBJC_ISA_USAGE = YES_ERROR;
				CLANG_WARN_DOCUMENTATION_COMMENTS = YES;
				CLANG_WARN_EMPTY_BODY = YES;
				CLANG_WARN_ENUM_CONVERSION = YES;
				CLANG_WARN_INFINITE_RECURSION = YES;
				CLANG_WARN_INT_CONVERSION = YES;
				CLANG_WARN_NON_LITERAL_NULL_CONVERSION = YES;
				CLANG_WARN_OBJC_IMPLICIT_RETAIN_SELF = YES;
				CLANG_WARN_OBJC_LITERAL_CONVERSION = YES;
				CLANG_WARN_OBJC_ROOT_CLASS = YES_ERROR;
				CLANG_WARN_QUOTED_INCLUDE_IN_FRAMEWORK_HEADER = YES;
				CLANG_WARN_RANGE_LOOP_ANALYSIS = YES;
				CLANG_WARN_STRICT_PROTOTYPES = YES;
				CLANG_WARN_SUSPICIOUS_MOVE = YES;
				CLANG_WARN_UNGUARDED_AVAILABILITY = YES_AGGRESSIVE;
				CLANG_WARN_UNREACHABLE_CODE = YES;
				CLANG_WARN__DUPLICATE_METHOD_MATCH = YES;
				COPY_PHASE_STRIP = NO;
				DEBUG_INFORMATION_FORMAT = "dwarf-with-dsym";
				ENABLE_NS_ASSERTIONS = NO;
				ENABLE_STRICT_OBJC_MSGSEND = YES;
				ENABLE_USER_SCRIPT_SANDBOXING = YES;
				GCC_C_LANGUAGE_STANDARD = gnu17;
				GCC_NO_COMMON_BLOCKS = YES;
				GCC_WARN_64_TO_32_BIT_CONVERSION = YES;
				GCC_WARN_ABOUT_RETURN_TYPE = YES_ERROR;
				GCC_WARN_UNDECLARED_SELECTOR = YES;
				GCC_WARN_UNINITIALIZED_AUTOS = YES_AGGRESSIVE;
				GCC_WARN_UNUSED_FUNCTION = YES;
				GCC_WARN_UNUSED_VARIABLE = YES;
				IPHONEOS_DEPLOYMENT_TARGET = 17.4;
				LOCALIZATION_PREFERS_STRING_CATALOGS = YES;
				MTL_ENABLE_DEBUG_INFO = NO;
				MTL_FAST_MATH = YES;
				SDKROOT = iphoneos;
				SWIFT_COMPILATION_MODE = wholemodule;
				VALIDATE_PRODUCT = YES;
			};
			name = Release;
		};
		DC841E542BCBB2F700497584 /* Debug */ = {
			isa = XCBuildConfiguration;
			buildSettings = {
				ASSETCATALOG_COMPILER_APPICON_NAME = AppIcon;
				ASSETCATALOG_COMPILER_GLOBAL_ACCENT_COLOR_NAME = AccentColor;
				CODE_SIGN_STYLE = Automatic;
				CURRENT_PROJECT_VERSION = 1;
				DEVELOPMENT_ASSET_PATHS = "\"CollegeMate/Preview Content\"";
				ENABLE_PREVIEWS = YES;
				GENERATE_INFOPLIST_FILE = YES;
				INFOPLIST_KEY_CFBundleDisplayName = "College Mate ";
				INFOPLIST_KEY_UIApplicationSceneManifest_Generation = YES;
				INFOPLIST_KEY_UIApplicationSupportsIndirectInputEvents = YES;
				INFOPLIST_KEY_UILaunchScreen_Generation = YES;
				INFOPLIST_KEY_UISupportedInterfaceOrientations_iPad = "UIInterfaceOrientationPortrait UIInterfaceOrientationPortraitUpsideDown UIInterfaceOrientationLandscapeLeft UIInterfaceOrientationLandscapeRight";
				INFOPLIST_KEY_UISupportedInterfaceOrientations_iPhone = "UIInterfaceOrientationPortrait UIInterfaceOrientationLandscapeLeft UIInterfaceOrientationLandscapeRight";
				LD_RUNPATH_SEARCH_PATHS = (
					"$(inherited)",
					"@executable_path/Frameworks",
				);
				MARKETING_VERSION = 1.0;
				PRODUCT_BUNDLE_IDENTIFIER = com.Oaks.CollegeMate;
				PRODUCT_NAME = "$(TARGET_NAME)";
				SWIFT_EMIT_LOC_STRINGS = YES;
				SWIFT_VERSION = 5.0;
				TARGETED_DEVICE_FAMILY = "1,2";
			};
			name = Debug;
		};
		DC841E552BCBB2F700497584 /* Release */ = {
			isa = XCBuildConfiguration;
			buildSettings = {
				ASSETCATALOG_COMPILER_APPICON_NAME = AppIcon;
				ASSETCATALOG_COMPILER_GLOBAL_ACCENT_COLOR_NAME = AccentColor;
				CODE_SIGN_STYLE = Automatic;
				CURRENT_PROJECT_VERSION = 1;
				DEVELOPMENT_ASSET_PATHS = "\"CollegeMate/Preview Content\"";
				ENABLE_PREVIEWS = YES;
				GENERATE_INFOPLIST_FILE = YES;
				INFOPLIST_KEY_CFBundleDisplayName = "College Mate ";
				INFOPLIST_KEY_UIApplicationSceneManifest_Generation = YES;
				INFOPLIST_KEY_UIApplicationSupportsIndirectInputEvents = YES;
				INFOPLIST_KEY_UILaunchScreen_Generation = YES;
				INFOPLIST_KEY_UISupportedInterfaceOrientations_iPad = "UIInterfaceOrientationPortrait UIInterfaceOrientationPortraitUpsideDown UIInterfaceOrientationLandscapeLeft UIInterfaceOrientationLandscapeRight";
				INFOPLIST_KEY_UISupportedInterfaceOrientations_iPhone = "UIInterfaceOrientationPortrait UIInterfaceOrientationLandscapeLeft UIInterfaceOrientationLandscapeRight";
				LD_RUNPATH_SEARCH_PATHS = (
					"$(inherited)",
					"@executable_path/Frameworks",
				);
				MARKETING_VERSION = 1.0;
				PRODUCT_BUNDLE_IDENTIFIER = com.Oaks.CollegeMate;
				PRODUCT_NAME = "$(TARGET_NAME)";
				SWIFT_EMIT_LOC_STRINGS = YES;
				SWIFT_VERSION = 5.0;
				TARGETED_DEVICE_FAMILY = "1,2";
			};
			name = Release;
		};
		DC841E572BCBB2F700497584 /* Debug */ = {
			isa = XCBuildConfiguration;
			buildSettings = {
				ALWAYS_EMBED_SWIFT_STANDARD_LIBRARIES = YES;
				BUNDLE_LOADER = "$(TEST_HOST)";
				CODE_SIGN_STYLE = Automatic;
				CURRENT_PROJECT_VERSION = 1;
				GENERATE_INFOPLIST_FILE = YES;
				IPHONEOS_DEPLOYMENT_TARGET = 17.4;
				MARKETING_VERSION = 1.0;
				PRODUCT_BUNDLE_IDENTIFIER = com.Oaks.CollegeMateTests;
				PRODUCT_NAME = "$(TARGET_NAME)";
				SWIFT_EMIT_LOC_STRINGS = NO;
				SWIFT_VERSION = 5.0;
				TARGETED_DEVICE_FAMILY = "1,2";
				TEST_HOST = "$(BUILT_PRODUCTS_DIR)/CollegeMate.app/$(BUNDLE_EXECUTABLE_FOLDER_PATH)/CollegeMate";
			};
			name = Debug;
		};
		DC841E582BCBB2F700497584 /* Release */ = {
			isa = XCBuildConfiguration;
			buildSettings = {
				ALWAYS_EMBED_SWIFT_STANDARD_LIBRARIES = YES;
				BUNDLE_LOADER = "$(TEST_HOST)";
				CODE_SIGN_STYLE = Automatic;
				CURRENT_PROJECT_VERSION = 1;
				GENERATE_INFOPLIST_FILE = YES;
				IPHONEOS_DEPLOYMENT_TARGET = 17.4;
				MARKETING_VERSION = 1.0;
				PRODUCT_BUNDLE_IDENTIFIER = com.Oaks.CollegeMateTests;
				PRODUCT_NAME = "$(TARGET_NAME)";
				SWIFT_EMIT_LOC_STRINGS = NO;
				SWIFT_VERSION = 5.0;
				TARGETED_DEVICE_FAMILY = "1,2";
				TEST_HOST = "$(BUILT_PRODUCTS_DIR)/CollegeMate.app/$(BUNDLE_EXECUTABLE_FOLDER_PATH)/CollegeMate";
			};
			name = Release;
		};
		DC841E5A2BCBB2F700497584 /* Debug */ = {
			isa = XCBuildConfiguration;
			buildSettings = {
				ALWAYS_EMBED_SWIFT_STANDARD_LIBRARIES = YES;
				CODE_SIGN_STYLE = Automatic;
				CURRENT_PROJECT_VERSION = 1;
				GENERATE_INFOPLIST_FILE = YES;
				MARKETING_VERSION = 1.0;
				PRODUCT_BUNDLE_IDENTIFIER = com.Oaks.CollegeMateUITests;
				PRODUCT_NAME = "$(TARGET_NAME)";
				SWIFT_EMIT_LOC_STRINGS = NO;
				SWIFT_VERSION = 5.0;
				TARGETED_DEVICE_FAMILY = "1,2";
				TEST_TARGET_NAME = CollegeMate;
			};
			name = Debug;
		};
		DC841E5B2BCBB2F700497584 /* Release */ = {
			isa = XCBuildConfiguration;
			buildSettings = {
				ALWAYS_EMBED_SWIFT_STANDARD_LIBRARIES = YES;
				CODE_SIGN_STYLE = Automatic;
				CURRENT_PROJECT_VERSION = 1;
				GENERATE_INFOPLIST_FILE = YES;
				MARKETING_VERSION = 1.0;
				PRODUCT_BUNDLE_IDENTIFIER = com.Oaks.CollegeMateUITests;
				PRODUCT_NAME = "$(TARGET_NAME)";
				SWIFT_EMIT_LOC_STRINGS = NO;
				SWIFT_VERSION = 5.0;
				TARGETED_DEVICE_FAMILY = "1,2";
				TEST_TARGET_NAME = CollegeMate;
			};
			name = Release;
		};
/* End XCBuildConfiguration section */

/* Begin XCConfigurationList section */
		DC841E2A2BCBB2F400497584 /* Build configuration list for PBXProject "CollegeMate" */ = {
			isa = XCConfigurationList;
			buildConfigurations = (
				DC841E512BCBB2F700497584 /* Debug */,
				DC841E522BCBB2F700497584 /* Release */,
			);
			defaultConfigurationIsVisible = 0;
			defaultConfigurationName = Release;
		};
		DC841E532BCBB2F700497584 /* Build configuration list for PBXNativeTarget "CollegeMate" */ = {
			isa = XCConfigurationList;
			buildConfigurations = (
				DC841E542BCBB2F700497584 /* Debug */,
				DC841E552BCBB2F700497584 /* Release */,
			);
			defaultConfigurationIsVisible = 0;
			defaultConfigurationName = Release;
		};
		DC841E562BCBB2F700497584 /* Build configuration list for PBXNativeTarget "CollegeMateTests" */ = {
			isa = XCConfigurationList;
			buildConfigurations = (
				DC841E572BCBB2F700497584 /* Debug */,
				DC841E582BCBB2F700497584 /* Release */,
			);
			defaultConfigurationIsVisible = 0;
			defaultConfigurationName = Release;
		};
		DC841E592BCBB2F700497584 /* Build configuration list for PBXNativeTarget "CollegeMateUITests" */ = {
			isa = XCConfigurationList;
			buildConfigurations = (
				DC841E5A2BCBB2F700497584 /* Debug */,
				DC841E5B2BCBB2F700497584 /* Release */,
			);
			defaultConfigurationIsVisible = 0;
			defaultConfigurationName = Release;
		};
/* End XCConfigurationList section */

/* Begin XCRemoteSwiftPackageReference section */
		DC841E5C2BCBB7B000497584 /* XCRemoteSwiftPackageReference "firebase-ios-sdk" */ = {
			isa = XCRemoteSwiftPackageReference;
			repositoryURL = "https://github.com/firebase/firebase-ios-sdk.git";
			requirement = {
				kind = upToNextMajorVersion;
				minimumVersion = 10.24.0;
			};
		};
/* End XCRemoteSwiftPackageReference section */

/* Begin XCSwiftPackageProductDependency section */
		DC841E5D2BCBB7B000497584 /* FirebaseAuth */ = {
			isa = XCSwiftPackageProductDependency;
			package = DC841E5C2BCBB7B000497584 /* XCRemoteSwiftPackageReference "firebase-ios-sdk" */;
			productName = FirebaseAuth;
		};
		DC841E5F2BCBB7B000497584 /* FirebaseFirestore */ = {
			isa = XCSwiftPackageProductDependency;
			package = DC841E5C2BCBB7B000497584 /* XCRemoteSwiftPackageReference "firebase-ios-sdk" */;
			productName = FirebaseFirestore;
		};
/* End XCSwiftPackageProductDependency section */
	};
	rootObject = DC841E272BCBB2F400497584 /* Project object */;
}
